
Microsoft Visual Studio Solution File, Format Version 12.00
# Visual Studio Version 16
VisualStudioVersion = 16.0.29318.209
MinimumVisualStudioVersion = 10.0.40219.1
Project("{FAE04EC0-301F-11D3-BF4B-00C04F79EFBC}") = "Csharp project Q13", "Csharp project Q13\Csharp project Q13.csproj", "{A63462C0-D536-479B-A693-04365286A675}"
EndProject
Global
	GlobalSection(SolutionConfigurationPlatforms) = preSolution
		Debug|Any CPU = Debug|Any CPU
		Release|Any CPU = Release|Any CPU
	EndGlobalSection
	GlobalSection(ProjectConfigurationPlatforms) = postSolution
		{A63462C0-D536-479B-A693-04365286A675}.Debug|Any CPU.ActiveCfg = Debug|Any CPU
		{A63462C0-D536-479B-A693-04365286A675}.Debug|Any CPU.Build.0 = Debug|Any CPU
		{A63462C0-D536-479B-A693-04365286A675}.Release|Any CPU.ActiveCfg = Release|Any CPU
		{A63462C0-D536-479B-A693-04365286A675}.Release|Any CPU.Build.0 = Release|Any CPU
	EndGlobalSection
	GlobalSection(SolutionProperties) = preSolution
		HideSolutionNode = FALSE
	EndGlobalSection
	GlobalSection(ExtensibilityGlobals) = postSolution
		SolutionGuid = {C3D3318F-6C0F-426F-9850-63E709C43C71}
	EndGlobalSection
EndGlobal
